
Microsoft Visual Studio Solution File, Format Version 12.00
# Visual Studio Version 17
VisualStudioVersion = 17.6.33815.320
MinimumVisualStudioVersion = 10.0.40219.1
Project("{FAE04EC0-301F-11D3-BF4B-00C04F79EFBC}") = "Gov.Import", "Gov.Import\Gov.Import.csproj", "{93E5E9A0-3810-4219-8BD2-A3AF766220C4}"
EndProject
Project("{FAE04EC0-301F-11D3-BF4B-00C04F79EFBC}") = "Gov.ApiClient", "Gov.HttpClient\Gov.ApiClient.csproj", "{76687F18-8302-4B81-AE90-E0553F9FB00E}"
EndProject
Project("{FAE04EC0-301F-11D3-BF4B-00C04F79EFBC}") = "Gov.Tests", "Gov.Tests\Gov.Tests.csproj", "{003E1A34-76AF-4FDF-BE82-24F91A35ED10}"
EndProject
Global
	GlobalSection(SolutionConfigurationPlatforms) = preSolution
		Debug|Any CPU = Debug|Any CPU
		Release|Any CPU = Release|Any CPU
	EndGlobalSection
	GlobalSection(ProjectConfigurationPlatforms) = postSolution
		{93E5E9A0-3810-4219-8BD2-A3AF766220C4}.Debug|Any CPU.ActiveCfg = Debug|Any CPU
		{93E5E9A0-3810-4219-8BD2-A3AF766220C4}.Debug|Any CPU.Build.0 = Debug|Any CPU
		{93E5E9A0-3810-4219-8BD2-A3AF766220C4}.Release|Any CPU.ActiveCfg = Release|Any CPU
		{93E5E9A0-3810-4219-8BD2-A3AF766220C4}.Release|Any CPU.Build.0 = Release|Any CPU
		{76687F18-8302-4B81-AE90-E0553F9FB00E}.Debug|Any CPU.ActiveCfg = Debug|Any CPU
		{76687F18-8302-4B81-AE90-E0553F9FB00E}.Debug|Any CPU.Build.0 = Debug|Any CPU
		{76687F18-8302-4B81-AE90-E0553F9FB00E}.Release|Any CPU.ActiveCfg = Release|Any CPU
		{76687F18-8302-4B81-AE90-E0553F9FB00E}.Release|Any CPU.Build.0 = Release|Any CPU
		{003E1A34-76AF-4FDF-BE82-24F91A35ED10}.Debug|Any CPU.ActiveCfg = Debug|Any CPU
		{003E1A34-76AF-4FDF-BE82-24F91A35ED10}.Debug|Any CPU.Build.0 = Debug|Any CPU
		{003E1A34-76AF-4FDF-BE82-24F91A35ED10}.Release|Any CPU.ActiveCfg = Release|Any CPU
		{003E1A34-76AF-4FDF-BE82-24F91A35ED10}.Release|Any CPU.Build.0 = Release|Any CPU
	EndGlobalSection
	GlobalSection(SolutionProperties) = preSolution
		HideSolutionNode = FALSE
	EndGlobalSection
	GlobalSection(ExtensibilityGlobals) = postSolution
		SolutionGuid = {33F051A8-234C-4ACE-980F-F995CC2B89A0}
	EndGlobalSection
EndGlobal
